{
  "name": "verona-modules-speedtest",
  "lockfileVersion": 3,
  "requires": true,
  "packages": {
    "": {
      "name": "verona-modules-speedtest",
      "license": "MIT",
      "devDependencies": {
        "iqb-dev-components": "^1.4.1"
      }
    },
    "node_modules/iqb-dev-components": {
      "version": "1.4.1",
      "resolved": "https://registry.npmjs.org/iqb-dev-components/-/iqb-dev-components-1.4.1.tgz",
      "integrity": "sha512-p+cXHPWms9xmXJf5bdZPtWNXuupmiHHr2tUW3u1P4LdMh3OhAQEc88+uBFHbg8nHwcxXsOS+e6EYFiOzPF7Q+A==",
      "dev": true
    }
  }
}
